
Microsoft Visual Studio Solution File, Format Version 10.00
# Visual Studio 2008
Project("{E24C65DC-7377-472B-9ABA-BC803B73C61A}") = "第七章", "..\第七章", "{BE02FAFB-6E20-4721-AA6E-8B7CCB9875D8}"
	ProjectSection(WebsiteProperties) = preProject
		TargetFramework = "3.5"
		Debug.AspNetCompiler.VirtualPath = "/第七章"
		Debug.AspNetCompiler.PhysicalPath = "..\第七章\"
		Debug.AspNetCompiler.TargetPath = "PrecompiledWeb\第七章\"
		Debug.AspNetCompiler.Updateable = "true"
		Debug.AspNetCompiler.ForceOverwrite = "true"
		Debug.AspNetCompiler.FixedNames = "false"
		Debug.AspNetCompiler.Debug = "True"
		Release.AspNetCompiler.VirtualPath = "/第七章"
		Release.AspNetCompiler.PhysicalPath = "..\第七章\"
		Release.AspNetCompiler.TargetPath = "PrecompiledWeb\第七章\"
		Release.AspNetCompiler.Updateable = "true"
		Release.AspNetCompiler.ForceOverwrite = "true"
		Release.AspNetCompiler.FixedNames = "false"
		Release.AspNetCompiler.Debug = "False"
		VWDPort = "1228"
		DefaultWebSiteLanguage = "Visual C#"
	EndProjectSection
EndProject
Global
	GlobalSection(SolutionConfigurationPlatforms) = preSolution
		Debug|Any CPU = Debug|Any CPU
	EndGlobalSection
	GlobalSection(ProjectConfigurationPlatforms) = postSolution
		{BE02FAFB-6E20-4721-AA6E-8B7CCB9875D8}.Debug|Any CPU.ActiveCfg = Debug|Any CPU
		{BE02FAFB-6E20-4721-AA6E-8B7CCB9875D8}.Debug|Any CPU.Build.0 = Debug|Any CPU
	EndGlobalSection
	GlobalSection(SolutionProperties) = preSolution
		HideSolutionNode = FALSE
	EndGlobalSection
EndGlobal
