
Microsoft Visual Studio Solution File, Format Version 10.00
# Visual Studio 2008
Project("{FAE04EC0-301F-11D3-BF4B-00C04F79EFBC}") = "上机1作业2", "上机1作业2\上机1作业2.csproj", "{D861BA36-079E-4A5F-BCA1-EF9AF3A4D09E}"
EndProject
Global
	GlobalSection(SolutionConfigurationPlatforms) = preSolution
		Debug|Any CPU = Debug|Any CPU
		Release|Any CPU = Release|Any CPU
	EndGlobalSection
	GlobalSection(ProjectConfigurationPlatforms) = postSolution
		{D861BA36-079E-4A5F-BCA1-EF9AF3A4D09E}.Debug|Any CPU.ActiveCfg = Debug|Any CPU
		{D861BA36-079E-4A5F-BCA1-EF9AF3A4D09E}.Debug|Any CPU.Build.0 = Debug|Any CPU
		{D861BA36-079E-4A5F-BCA1-EF9AF3A4D09E}.Release|Any CPU.ActiveCfg = Release|Any CPU
		{D861BA36-079E-4A5F-BCA1-EF9AF3A4D09E}.Release|Any CPU.Build.0 = Release|Any CPU
	EndGlobalSection
	GlobalSection(SolutionProperties) = preSolution
		HideSolutionNode = FALSE
	EndGlobalSection
EndGlobal
