
Microsoft Visual Studio Solution File, Format Version 10.00
# Visual Studio 2008
Project("{FAE04EC0-301F-11D3-BF4B-00C04F79EFBC}") = "上机5任务2", "上机5任务2\上机5任务2.csproj", "{9E766B8C-4D04-431A-91F9-362D9A93FD98}"
EndProject
Global
	GlobalSection(SolutionConfigurationPlatforms) = preSolution
		Debug|Any CPU = Debug|Any CPU
		Release|Any CPU = Release|Any CPU
	EndGlobalSection
	GlobalSection(ProjectConfigurationPlatforms) = postSolution
		{9E766B8C-4D04-431A-91F9-362D9A93FD98}.Debug|Any CPU.ActiveCfg = Debug|Any CPU
		{9E766B8C-4D04-431A-91F9-362D9A93FD98}.Debug|Any CPU.Build.0 = Debug|Any CPU
		{9E766B8C-4D04-431A-91F9-362D9A93FD98}.Release|Any CPU.ActiveCfg = Release|Any CPU
		{9E766B8C-4D04-431A-91F9-362D9A93FD98}.Release|Any CPU.Build.0 = Release|Any CPU
	EndGlobalSection
	GlobalSection(SolutionProperties) = preSolution
		HideSolutionNode = FALSE
	EndGlobalSection
EndGlobal
