
Microsoft Visual Studio Solution File, Format Version 10.00
# Visual Studio 2008
Project("{FAE04EC0-301F-11D3-BF4B-00C04F79EFBC}") = "上机1任务", "上机1任务\上机1任务.csproj", "{D28FF398-43FF-4821-8B8B-D76252A693CE}"
EndProject
Global
	GlobalSection(SolutionConfigurationPlatforms) = preSolution
		Debug|Any CPU = Debug|Any CPU
		Release|Any CPU = Release|Any CPU
	EndGlobalSection
	GlobalSection(ProjectConfigurationPlatforms) = postSolution
		{D28FF398-43FF-4821-8B8B-D76252A693CE}.Debug|Any CPU.ActiveCfg = Debug|Any CPU
		{D28FF398-43FF-4821-8B8B-D76252A693CE}.Debug|Any CPU.Build.0 = Debug|Any CPU
		{D28FF398-43FF-4821-8B8B-D76252A693CE}.Release|Any CPU.ActiveCfg = Release|Any CPU
		{D28FF398-43FF-4821-8B8B-D76252A693CE}.Release|Any CPU.Build.0 = Release|Any CPU
	EndGlobalSection
	GlobalSection(SolutionProperties) = preSolution
		HideSolutionNode = FALSE
	EndGlobalSection
EndGlobal
