
Microsoft Visual Studio Solution File, Format Version 10.00
# Visual Studio 2008
Project("{E24C65DC-7377-472B-9ABA-BC803B73C61A}") = "MySchoolWeb", "MySchoolWeb", "{E0FB44FA-986B-4703-910E-E43E21EC1A28}"
	ProjectSection(WebsiteProperties) = preProject
		TargetFramework = "3.5"
		ProjectReferences = "{56864CB8-B9E4-4A80-A379-C5B492659BE7}|MySchool.BLL.dll;{E51BAE64-634F-4447-91F0-A51370B90CD1}|MySchool.Model.dll;{31DFF8C9-CC84-4A29-A252-46A0214CF4CC}|MySchool.DAL.dll;"
		Debug.AspNetCompiler.VirtualPath = "/MySchoolWeb"
		Debug.AspNetCompiler.PhysicalPath = "MySchoolWeb\"
		Debug.AspNetCompiler.TargetPath = "PrecompiledWeb\MySchoolWeb\"
		Debug.AspNetCompiler.Updateable = "true"
		Debug.AspNetCompiler.ForceOverwrite = "true"
		Debug.AspNetCompiler.FixedNames = "false"
		Debug.AspNetCompiler.Debug = "True"
		Release.AspNetCompiler.VirtualPath = "/MySchoolWeb"
		Release.AspNetCompiler.PhysicalPath = "MySchoolWeb\"
		Release.AspNetCompiler.TargetPath = "PrecompiledWeb\MySchoolWeb\"
		Release.AspNetCompiler.Updateable = "true"
		Release.AspNetCompiler.ForceOverwrite = "true"
		Release.AspNetCompiler.FixedNames = "false"
		Release.AspNetCompiler.Debug = "False"
		VWDPort = "1264"
		DefaultWebSiteLanguage = "Visual C#"
	EndProjectSection
EndProject
Project("{FAE04EC0-301F-11D3-BF4B-00C04F79EFBC}") = "MySchool.DAL", "MySchool.DAL\MySchool.DAL.csproj", "{31DFF8C9-CC84-4A29-A252-46A0214CF4CC}"
EndProject
Project("{FAE04EC0-301F-11D3-BF4B-00C04F79EFBC}") = "MySchool.BLL", "MySchool.BLL\MySchool.BLL.csproj", "{56864CB8-B9E4-4A80-A379-C5B492659BE7}"
EndProject
Project("{FAE04EC0-301F-11D3-BF4B-00C04F79EFBC}") = "MySchool.Model", "MySchool.Model\MySchool.Model.csproj", "{E51BAE64-634F-4447-91F0-A51370B90CD1}"
EndProject
Global
	GlobalSection(SolutionConfigurationPlatforms) = preSolution
		Debug|Any CPU = Debug|Any CPU
		Release|Any CPU = Release|Any CPU
	EndGlobalSection
	GlobalSection(ProjectConfigurationPlatforms) = postSolution
		{E0FB44FA-986B-4703-910E-E43E21EC1A28}.Debug|Any CPU.ActiveCfg = Debug|Any CPU
		{E0FB44FA-986B-4703-910E-E43E21EC1A28}.Debug|Any CPU.Build.0 = Debug|Any CPU
		{E0FB44FA-986B-4703-910E-E43E21EC1A28}.Release|Any CPU.ActiveCfg = Debug|Any CPU
		{E0FB44FA-986B-4703-910E-E43E21EC1A28}.Release|Any CPU.Build.0 = Debug|Any CPU
		{31DFF8C9-CC84-4A29-A252-46A0214CF4CC}.Debug|Any CPU.ActiveCfg = Debug|Any CPU
		{31DFF8C9-CC84-4A29-A252-46A0214CF4CC}.Debug|Any CPU.Build.0 = Debug|Any CPU
		{31DFF8C9-CC84-4A29-A252-46A0214CF4CC}.Release|Any CPU.ActiveCfg = Release|Any CPU
		{31DFF8C9-CC84-4A29-A252-46A0214CF4CC}.Release|Any CPU.Build.0 = Release|Any CPU
		{56864CB8-B9E4-4A80-A379-C5B492659BE7}.Debug|Any CPU.ActiveCfg = Debug|Any CPU
		{56864CB8-B9E4-4A80-A379-C5B492659BE7}.Debug|Any CPU.Build.0 = Debug|Any CPU
		{56864CB8-B9E4-4A80-A379-C5B492659BE7}.Release|Any CPU.ActiveCfg = Release|Any CPU
		{56864CB8-B9E4-4A80-A379-C5B492659BE7}.Release|Any CPU.Build.0 = Release|Any CPU
		{E51BAE64-634F-4447-91F0-A51370B90CD1}.Debug|Any CPU.ActiveCfg = Debug|Any CPU
		{E51BAE64-634F-4447-91F0-A51370B90CD1}.Debug|Any CPU.Build.0 = Debug|Any CPU
		{E51BAE64-634F-4447-91F0-A51370B90CD1}.Release|Any CPU.ActiveCfg = Release|Any CPU
		{E51BAE64-634F-4447-91F0-A51370B90CD1}.Release|Any CPU.Build.0 = Release|Any CPU
	EndGlobalSection
	GlobalSection(SolutionProperties) = preSolution
		HideSolutionNode = FALSE
	EndGlobalSection
EndGlobal
