
Microsoft Visual Studio Solution File, Format Version 10.00
# Visual Studio 2008
Project("{FAE04EC0-301F-11D3-BF4B-00C04F79EFBC}") = "上级2任务3", "上级2任务3\上级2任务3.csproj", "{8F469A3A-2CB3-470F-96F6-35BEFC9C9216}"
EndProject
Global
	GlobalSection(SolutionConfigurationPlatforms) = preSolution
		Debug|Any CPU = Debug|Any CPU
		Release|Any CPU = Release|Any CPU
	EndGlobalSection
	GlobalSection(ProjectConfigurationPlatforms) = postSolution
		{8F469A3A-2CB3-470F-96F6-35BEFC9C9216}.Debug|Any CPU.ActiveCfg = Debug|Any CPU
		{8F469A3A-2CB3-470F-96F6-35BEFC9C9216}.Debug|Any CPU.Build.0 = Debug|Any CPU
		{8F469A3A-2CB3-470F-96F6-35BEFC9C9216}.Release|Any CPU.ActiveCfg = Release|Any CPU
		{8F469A3A-2CB3-470F-96F6-35BEFC9C9216}.Release|Any CPU.Build.0 = Release|Any CPU
	EndGlobalSection
	GlobalSection(SolutionProperties) = preSolution
		HideSolutionNode = FALSE
	EndGlobalSection
EndGlobal
