
Microsoft Visual Studio Solution File, Format Version 10.00
# Visual Studio 2008
Project("{FAE04EC0-301F-11D3-BF4B-00C04F79EFBC}") = "上机3 方法的重载 P38", "上机3 方法的重载 P38\上机3 方法的重载 P38.csproj", "{7817A658-AB3E-45E7-BCEE-116DA2B68208}"
EndProject
Global
	GlobalSection(SolutionConfigurationPlatforms) = preSolution
		Debug|Any CPU = Debug|Any CPU
		Release|Any CPU = Release|Any CPU
	EndGlobalSection
	GlobalSection(ProjectConfigurationPlatforms) = postSolution
		{7817A658-AB3E-45E7-BCEE-116DA2B68208}.Debug|Any CPU.ActiveCfg = Debug|Any CPU
		{7817A658-AB3E-45E7-BCEE-116DA2B68208}.Debug|Any CPU.Build.0 = Debug|Any CPU
		{7817A658-AB3E-45E7-BCEE-116DA2B68208}.Release|Any CPU.ActiveCfg = Release|Any CPU
		{7817A658-AB3E-45E7-BCEE-116DA2B68208}.Release|Any CPU.Build.0 = Release|Any CPU
	EndGlobalSection
	GlobalSection(SolutionProperties) = preSolution
		HideSolutionNode = FALSE
	EndGlobalSection
EndGlobal
