
Microsoft Visual Studio Solution File, Format Version 10.00
# Visual Studio 2008
Project("{FAE04EC0-301F-11D3-BF4B-00C04F79EFBC}") = "上机7作业2", "上机7作业2\上机7作业2.csproj", "{15DE0AE8-1515-40B5-822A-A6D46532B931}"
EndProject
Global
	GlobalSection(SolutionConfigurationPlatforms) = preSolution
		Debug|Any CPU = Debug|Any CPU
		Release|Any CPU = Release|Any CPU
	EndGlobalSection
	GlobalSection(ProjectConfigurationPlatforms) = postSolution
		{15DE0AE8-1515-40B5-822A-A6D46532B931}.Debug|Any CPU.ActiveCfg = Debug|Any CPU
		{15DE0AE8-1515-40B5-822A-A6D46532B931}.Debug|Any CPU.Build.0 = Debug|Any CPU
		{15DE0AE8-1515-40B5-822A-A6D46532B931}.Release|Any CPU.ActiveCfg = Release|Any CPU
		{15DE0AE8-1515-40B5-822A-A6D46532B931}.Release|Any CPU.Build.0 = Release|Any CPU
	EndGlobalSection
	GlobalSection(SolutionProperties) = preSolution
		HideSolutionNode = FALSE
	EndGlobalSection
EndGlobal
