
Microsoft Visual Studio Solution File, Format Version 10.00
# Visual Studio 2008
Project("{FAE04EC0-301F-11D3-BF4B-00C04F79EFBC}") = "类", "类\类.csproj", "{DB2C53A9-4140-44F1-9221-0992F2A8BAAA}"
EndProject
Global
	GlobalSection(SolutionConfigurationPlatforms) = preSolution
		Debug|Any CPU = Debug|Any CPU
		Release|Any CPU = Release|Any CPU
	EndGlobalSection
	GlobalSection(ProjectConfigurationPlatforms) = postSolution
		{DB2C53A9-4140-44F1-9221-0992F2A8BAAA}.Debug|Any CPU.ActiveCfg = Debug|Any CPU
		{DB2C53A9-4140-44F1-9221-0992F2A8BAAA}.Debug|Any CPU.Build.0 = Debug|Any CPU
		{DB2C53A9-4140-44F1-9221-0992F2A8BAAA}.Release|Any CPU.ActiveCfg = Release|Any CPU
		{DB2C53A9-4140-44F1-9221-0992F2A8BAAA}.Release|Any CPU.Build.0 = Release|Any CPU
	EndGlobalSection
	GlobalSection(SolutionProperties) = preSolution
		HideSolutionNode = FALSE
	EndGlobalSection
EndGlobal
