
Microsoft Visual Studio Solution File, Format Version 10.00
# Visual Studio 2008
Project("{E24C65DC-7377-472B-9ABA-BC803B73C61A}") = "第六章", "..\第六章", "{B1A061A5-5300-4DB7-B094-2CD51EAC61F0}"
	ProjectSection(WebsiteProperties) = preProject
		TargetFramework = "3.5"
		Debug.AspNetCompiler.VirtualPath = "/第六章"
		Debug.AspNetCompiler.PhysicalPath = "..\第六章\"
		Debug.AspNetCompiler.TargetPath = "PrecompiledWeb\第六章\"
		Debug.AspNetCompiler.Updateable = "true"
		Debug.AspNetCompiler.ForceOverwrite = "true"
		Debug.AspNetCompiler.FixedNames = "false"
		Debug.AspNetCompiler.Debug = "True"
		Release.AspNetCompiler.VirtualPath = "/第六章"
		Release.AspNetCompiler.PhysicalPath = "..\第六章\"
		Release.AspNetCompiler.TargetPath = "PrecompiledWeb\第六章\"
		Release.AspNetCompiler.Updateable = "true"
		Release.AspNetCompiler.ForceOverwrite = "true"
		Release.AspNetCompiler.FixedNames = "false"
		Release.AspNetCompiler.Debug = "False"
		VWDPort = "1125"
		DefaultWebSiteLanguage = "Visual C#"
	EndProjectSection
EndProject
Global
	GlobalSection(SolutionConfigurationPlatforms) = preSolution
		Debug|Any CPU = Debug|Any CPU
	EndGlobalSection
	GlobalSection(ProjectConfigurationPlatforms) = postSolution
		{B1A061A5-5300-4DB7-B094-2CD51EAC61F0}.Debug|Any CPU.ActiveCfg = Debug|Any CPU
		{B1A061A5-5300-4DB7-B094-2CD51EAC61F0}.Debug|Any CPU.Build.0 = Debug|Any CPU
	EndGlobalSection
	GlobalSection(SolutionProperties) = preSolution
		HideSolutionNode = FALSE
	EndGlobalSection
EndGlobal
